
Microsoft Visual Studio Solution File, Format Version 12.00
# Visual Studio 15
VisualStudioVersion = 15.0.27703.2000
MinimumVisualStudioVersion = 10.0.40219.1
Project("{FAE04EC0-301F-11D3-BF4B-00C04F79EFBC}") = "Clones", "Clones\Clones.csproj", "{7921A1C9-A609-4A9E-B47D-F9B3DC455950}"
EndProject
Project("{FAE04EC0-301F-11D3-BF4B-00C04F79EFBC}") = "ClonesTests", "Clones.Tests\ClonesTests.csproj", "{7EB9D4DA-5CC2-41D2-80F7-3A8EBCD5BF2D}"
EndProject
Project("{2150E333-8FDC-42A3-9474-1A3956D46DE8}") = "4.Presentation", "4.Presentation", "{C8C72134-C0F0-4784-A6A3-C1C6E1FBFD75}"
EndProject
Project("{2150E333-8FDC-42A3-9474-1A3956D46DE8}") = "3.Infrastructure", "3.Infrastructure", "{1C5DBCE2-FB8F-4AC4-B15E-B15D68234E5C}"
EndProject
Project("{FAE04EC0-301F-11D3-BF4B-00C04F79EFBC}") = "Infrastructure.Data", "Infrastructure.Data\Infrastructure.Data.csproj", "{E7D51E01-E698-47A8-B40B-D6D1668FD0E4}"
EndProject
Project("{2150E333-8FDC-42A3-9474-1A3956D46DE8}") = "1.Domain", "1.Domain", "{C7898A34-16D6-4917-97E5-A195345D7CBD}"
EndProject
Project("{FAE04EC0-301F-11D3-BF4B-00C04F79EFBC}") = "Domain.GameModules", "Domain.GameModules\Domain.GameModules.csproj", "{4AEAC677-777F-400D-BC2F-6A7B0AFDF8FB}"
EndProject
Project("{2150E333-8FDC-42A3-9474-1A3956D46DE8}") = "2.Application", "2.Application", "{011A8BFA-E57F-4370-B1E7-60E6D9FC665E}"
EndProject
Project("{FAE04EC0-301F-11D3-BF4B-00C04F79EFBC}") = "Application", "Application\Application.csproj", "{F5829201-C1F6-4067-BD6C-E6C5B7C5077F}"
EndProject
Project("{FAE04EC0-301F-11D3-BF4B-00C04F79EFBC}") = "Domain.Core", "Domain.Core\Domain.Core.csproj", "{25C1BAC3-719F-4F98-BF11-C3D7938A43E0}"
EndProject
Global
	GlobalSection(SolutionConfigurationPlatforms) = preSolution
		Debug|Any CPU = Debug|Any CPU
		Release|Any CPU = Release|Any CPU
	EndGlobalSection
	GlobalSection(ProjectConfigurationPlatforms) = postSolution
		{7921A1C9-A609-4A9E-B47D-F9B3DC455950}.Debug|Any CPU.ActiveCfg = Debug|Any CPU
		{7921A1C9-A609-4A9E-B47D-F9B3DC455950}.Debug|Any CPU.Build.0 = Debug|Any CPU
		{7921A1C9-A609-4A9E-B47D-F9B3DC455950}.Release|Any CPU.ActiveCfg = Release|Any CPU
		{7921A1C9-A609-4A9E-B47D-F9B3DC455950}.Release|Any CPU.Build.0 = Release|Any CPU
		{7EB9D4DA-5CC2-41D2-80F7-3A8EBCD5BF2D}.Debug|Any CPU.ActiveCfg = Debug|Any CPU
		{7EB9D4DA-5CC2-41D2-80F7-3A8EBCD5BF2D}.Debug|Any CPU.Build.0 = Debug|Any CPU
		{7EB9D4DA-5CC2-41D2-80F7-3A8EBCD5BF2D}.Release|Any CPU.ActiveCfg = Release|Any CPU
		{7EB9D4DA-5CC2-41D2-80F7-3A8EBCD5BF2D}.Release|Any CPU.Build.0 = Release|Any CPU
		{E7D51E01-E698-47A8-B40B-D6D1668FD0E4}.Debug|Any CPU.ActiveCfg = Debug|Any CPU
		{E7D51E01-E698-47A8-B40B-D6D1668FD0E4}.Debug|Any CPU.Build.0 = Debug|Any CPU
		{E7D51E01-E698-47A8-B40B-D6D1668FD0E4}.Release|Any CPU.ActiveCfg = Release|Any CPU
		{E7D51E01-E698-47A8-B40B-D6D1668FD0E4}.Release|Any CPU.Build.0 = Release|Any CPU
		{4AEAC677-777F-400D-BC2F-6A7B0AFDF8FB}.Debug|Any CPU.ActiveCfg = Debug|Any CPU
		{4AEAC677-777F-400D-BC2F-6A7B0AFDF8FB}.Debug|Any CPU.Build.0 = Debug|Any CPU
		{4AEAC677-777F-400D-BC2F-6A7B0AFDF8FB}.Release|Any CPU.ActiveCfg = Release|Any CPU
		{4AEAC677-777F-400D-BC2F-6A7B0AFDF8FB}.Release|Any CPU.Build.0 = Release|Any CPU
		{F5829201-C1F6-4067-BD6C-E6C5B7C5077F}.Debug|Any CPU.ActiveCfg = Debug|Any CPU
		{F5829201-C1F6-4067-BD6C-E6C5B7C5077F}.Debug|Any CPU.Build.0 = Debug|Any CPU
		{F5829201-C1F6-4067-BD6C-E6C5B7C5077F}.Release|Any CPU.ActiveCfg = Release|Any CPU
		{F5829201-C1F6-4067-BD6C-E6C5B7C5077F}.Release|Any CPU.Build.0 = Release|Any CPU
		{25C1BAC3-719F-4F98-BF11-C3D7938A43E0}.Debug|Any CPU.ActiveCfg = Debug|Any CPU
		{25C1BAC3-719F-4F98-BF11-C3D7938A43E0}.Debug|Any CPU.Build.0 = Debug|Any CPU
		{25C1BAC3-719F-4F98-BF11-C3D7938A43E0}.Release|Any CPU.ActiveCfg = Release|Any CPU
		{25C1BAC3-719F-4F98-BF11-C3D7938A43E0}.Release|Any CPU.Build.0 = Release|Any CPU
	EndGlobalSection
	GlobalSection(SolutionProperties) = preSolution
		HideSolutionNode = FALSE
	EndGlobalSection
	GlobalSection(NestedProjects) = preSolution
		{7921A1C9-A609-4A9E-B47D-F9B3DC455950} = {C8C72134-C0F0-4784-A6A3-C1C6E1FBFD75}
		{7EB9D4DA-5CC2-41D2-80F7-3A8EBCD5BF2D} = {C8C72134-C0F0-4784-A6A3-C1C6E1FBFD75}
		{E7D51E01-E698-47A8-B40B-D6D1668FD0E4} = {1C5DBCE2-FB8F-4AC4-B15E-B15D68234E5C}
		{4AEAC677-777F-400D-BC2F-6A7B0AFDF8FB} = {C7898A34-16D6-4917-97E5-A195345D7CBD}
		{F5829201-C1F6-4067-BD6C-E6C5B7C5077F} = {011A8BFA-E57F-4370-B1E7-60E6D9FC665E}
		{25C1BAC3-719F-4F98-BF11-C3D7938A43E0} = {C7898A34-16D6-4917-97E5-A195345D7CBD}
	EndGlobalSection
	GlobalSection(ExtensibilityGlobals) = postSolution
		SolutionGuid = {47FF6A34-F2CE-4493-953A-A419559AD44E}
	EndGlobalSection
EndGlobal
