
Microsoft Visual Studio Solution File, Format Version 12.00
# Visual Studio 15
VisualStudioVersion = 15.0.27703.2000
MinimumVisualStudioVersion = 10.0.40219.1
Project("{FAE04EC0-301F-11D3-BF4B-00C04F79EFBC}") = "Clones", "Clones\Clones.csproj", "{7921A1C9-A609-4A9E-B47D-F9B3DC455950}"
EndProject
Project("{FAE04EC0-301F-11D3-BF4B-00C04F79EFBC}") = "Clones.Tests", "Clones.Tests\Clones.Tests.csproj", "{7EB9D4DA-5CC2-41D2-80F7-3A8EBCD5BF2D}"
EndProject
Global
	GlobalSection(SolutionConfigurationPlatforms) = preSolution
		Debug|Any CPU = Debug|Any CPU
		Release|Any CPU = Release|Any CPU
	EndGlobalSection
	GlobalSection(ProjectConfigurationPlatforms) = postSolution
		{7921A1C9-A609-4A9E-B47D-F9B3DC455950}.Debug|Any CPU.ActiveCfg = Debug|Any CPU
		{7921A1C9-A609-4A9E-B47D-F9B3DC455950}.Debug|Any CPU.Build.0 = Debug|Any CPU
		{7921A1C9-A609-4A9E-B47D-F9B3DC455950}.Release|Any CPU.ActiveCfg = Release|Any CPU
		{7921A1C9-A609-4A9E-B47D-F9B3DC455950}.Release|Any CPU.Build.0 = Release|Any CPU
		{7EB9D4DA-5CC2-41D2-80F7-3A8EBCD5BF2D}.Debug|Any CPU.ActiveCfg = Debug|Any CPU
		{7EB9D4DA-5CC2-41D2-80F7-3A8EBCD5BF2D}.Debug|Any CPU.Build.0 = Debug|Any CPU
		{7EB9D4DA-5CC2-41D2-80F7-3A8EBCD5BF2D}.Release|Any CPU.ActiveCfg = Release|Any CPU
		{7EB9D4DA-5CC2-41D2-80F7-3A8EBCD5BF2D}.Release|Any CPU.Build.0 = Release|Any CPU
	EndGlobalSection
	GlobalSection(SolutionProperties) = preSolution
		HideSolutionNode = FALSE
	EndGlobalSection
	GlobalSection(ExtensibilityGlobals) = postSolution
		SolutionGuid = {47FF6A34-F2CE-4493-953A-A419559AD44E}
	EndGlobalSection
EndGlobal
